
Microsoft Visual Studio Solution File, Format Version 12.00
# Visual Studio Version 16
VisualStudioVersion = 16.0.32510.428
MinimumVisualStudioVersion = 10.0.40219.1
Project("{FAE04EC0-301F-11D3-BF4B-00C04F79EFBC}") = "P225Eterna", "P225Eterna\P225Eterna.csproj", "{0C850EBF-6A91-4E48-9B4A-A194E5648511}"
EndProject
Global
	GlobalSection(SolutionConfigurationPlatforms) = preSolution
		Debug|Any CPU = Debug|Any CPU
		Release|Any CPU = Release|Any CPU
	EndGlobalSection
	GlobalSection(ProjectConfigurationPlatforms) = postSolution
		{0C850EBF-6A91-4E48-9B4A-A194E5648511}.Debug|Any CPU.ActiveCfg = Debug|Any CPU
		{0C850EBF-6A91-4E48-9B4A-A194E5648511}.Debug|Any CPU.Build.0 = Debug|Any CPU
		{0C850EBF-6A91-4E48-9B4A-A194E5648511}.Release|Any CPU.ActiveCfg = Release|Any CPU
		{0C850EBF-6A91-4E48-9B4A-A194E5648511}.Release|Any CPU.Build.0 = Release|Any CPU
	EndGlobalSection
	GlobalSection(SolutionProperties) = preSolution
		HideSolutionNode = FALSE
	EndGlobalSection
	GlobalSection(ExtensibilityGlobals) = postSolution
		SolutionGuid = {8D4B3072-5463-4D99-A4F5-440BD2BEE61C}
	EndGlobalSection
EndGlobal
